
Microsoft Visual Studio Solution File, Format Version 12.00
# Visual Studio Version 17
VisualStudioVersion = 17.1.32319.34
MinimumVisualStudioVersion = 10.0.40219.1
Project("{2150E333-8FDC-42A3-9474-1A3956D46DE8}") = "FacebookHackerCup", "FacebookHackerCup", "{8531673C-790B-4ADC-B792-98C17C7B8721}"
EndProject
Project("{2150E333-8FDC-42A3-9474-1A3956D46DE8}") = "GoogleCodeJam", "GoogleCodeJam", "{49FF0E5A-5C6B-479A-AC5C-A74B77BBDC07}"
EndProject
Project("{2150E333-8FDC-42A3-9474-1A3956D46DE8}") = "2022_Qualification", "2022_Qualification", "{B1AA9273-FFF2-4D56-9784-EDD90381F9E0}"
EndProject
Project("{8BC9CEB8-8B4A-11D0-8D11-00A0C91BC942}") = "Punched_Card", "GoogleCodeJam\2022_Qualification\Punched_Card\Punched_Card.vcxproj", "{2792926D-03FC-41B3-80C9-4D7EDE4FC971}"
EndProject
Project("{8BC9CEB8-8B4A-11D0-8D11-00A0C91BC942}") = "3D_Printing", "GoogleCodeJam\2022_Qualification\3D_Printing\3D_Printing.vcxproj", "{545F7F52-39FE-40BD-B2F5-358008102535}"
EndProject
Project("{8BC9CEB8-8B4A-11D0-8D11-00A0C91BC942}") = "d1000000", "GoogleCodeJam\2022_Qualification\d1000000\d1000000.vcxproj", "{FF5F8D38-4E09-4783-8E40-2B16C2EF075A}"
EndProject
Project("{8BC9CEB8-8B4A-11D0-8D11-00A0C91BC942}") = "Chain_Reactions", "GoogleCodeJam\2022_Qualification\Chain_Reactions\Chain_Reactions.vcxproj", "{2E8476BB-A4FD-4A64-B959-8664A4A4F5A5}"
EndProject
Project("{2150E333-8FDC-42A3-9474-1A3956D46DE8}") = "2021_Qualification", "2021_Qualification", "{AB74D876-48DE-4C10-BC7A-785D7E3C229E}"
EndProject
Project("{8BC9CEB8-8B4A-11D0-8D11-00A0C91BC942}") = "Consistency1", "FacebookHackerCup\2021_Qualification\Consistency1\Consistency1.vcxproj", "{7FA43B87-A0E0-4DA8-887E-0BF0F37E64DE}"
EndProject
Project("{8BC9CEB8-8B4A-11D0-8D11-00A0C91BC942}") = "Consistency2", "FacebookHackerCup\2021_Qualification\Consistency2\Consistency2.vcxproj", "{F77194C7-41F8-409B-A9DC-052FF4E07FF2}"
EndProject
Project("{2150E333-8FDC-42A3-9474-1A3956D46DE8}") = "2021_Qualification", "2021_Qualification", "{26AB4EB1-39B2-4C6D-9EB1-D90B156C7DFB}"
EndProject
Project("{8BC9CEB8-8B4A-11D0-8D11-00A0C91BC942}") = "Moons_Umbrellas", "GoogleCodeJam\2021_Qualification\Moons_Umbrellas\Moons_Umbrellas.vcxproj", "{223229CA-3981-4948-84C2-399867EA6F14}"
EndProject
Project("{2150E333-8FDC-42A3-9474-1A3956D46DE8}") = "Solution Items", "Solution Items", "{F31600E7-166C-4E6B-8795-9E6180AF7EB7}"
	ProjectSection(SolutionItems) = preProject
		skeleton.txt = skeleton.txt
	EndProjectSection
EndProject
Project("{8BC9CEB8-8B4A-11D0-8D11-00A0C91BC942}") = "Reversort", "GoogleCodeJam\2021_Qualification\Reversort\Reversort.vcxproj", "{CA5B6C0C-6EB6-418A-89FA-0B8295EFBBE6}"
EndProject
Project("{8BC9CEB8-8B4A-11D0-8D11-00A0C91BC942}") = "Reversort_Engineering", "GoogleCodeJam\2021_Qualification\Reversort_Engineering\Reversort_Engineering.vcxproj", "{9A952EA0-6009-4953-AB1F-7FF13EE9C529}"
EndProject
Project("{8BC9CEB8-8B4A-11D0-8D11-00A0C91BC942}") = "Xs_and_Os", "FacebookHackerCup\2021_Qualification\Xs_and_Os\Xs_and_Os.vcxproj", "{B1C3288E-E0E8-4FB5-93EE-F87D3387E0F8}"
EndProject
Project("{8BC9CEB8-8B4A-11D0-8D11-00A0C91BC942}") = "GoldMine1", "FacebookHackerCup\2021_Qualification\GoldMine1\GoldMine1.vcxproj", "{FC5ECD15-68F0-47E1-BF36-AF606703F8D3}"
EndProject
Project("{8BC9CEB8-8B4A-11D0-8D11-00A0C91BC942}") = "AppendSort", "GoogleCodeJam\2021_1A\AppendSort\AppendSort.vcxproj", "{2B683A9E-272A-4334-AFAC-617C5B7ACFBB}"
EndProject
Project("{2150E333-8FDC-42A3-9474-1A3956D46DE8}") = "2021_1A", "2021_1A", "{94D9CFEE-DCC1-4739-8047-EDC0F7E3AF30}"
EndProject
Project("{8BC9CEB8-8B4A-11D0-8D11-00A0C91BC942}") = "WeakTyping1", "FacebookHackerCup\2021_R1\WeakTyping1\WeakTyping1.vcxproj", "{B6BB6331-2644-46BA-BA88-4BD482668D2F}"
EndProject
Project("{2150E333-8FDC-42A3-9474-1A3956D46DE8}") = "2021_R1", "2021_R1", "{8AEA1345-FE8D-4B82-A692-75D8EAE70357}"
EndProject
Global
	GlobalSection(SolutionConfigurationPlatforms) = preSolution
		Debug|x64 = Debug|x64
		Debug|x86 = Debug|x86
		Release|x64 = Release|x64
		Release|x86 = Release|x86
	EndGlobalSection
	GlobalSection(ProjectConfigurationPlatforms) = postSolution
		{2792926D-03FC-41B3-80C9-4D7EDE4FC971}.Debug|x64.ActiveCfg = Debug|x64
		{2792926D-03FC-41B3-80C9-4D7EDE4FC971}.Debug|x64.Build.0 = Debug|x64
		{2792926D-03FC-41B3-80C9-4D7EDE4FC971}.Debug|x86.ActiveCfg = Debug|Win32
		{2792926D-03FC-41B3-80C9-4D7EDE4FC971}.Debug|x86.Build.0 = Debug|Win32
		{2792926D-03FC-41B3-80C9-4D7EDE4FC971}.Release|x64.ActiveCfg = Release|x64
		{2792926D-03FC-41B3-80C9-4D7EDE4FC971}.Release|x64.Build.0 = Release|x64
		{2792926D-03FC-41B3-80C9-4D7EDE4FC971}.Release|x86.ActiveCfg = Release|Win32
		{2792926D-03FC-41B3-80C9-4D7EDE4FC971}.Release|x86.Build.0 = Release|Win32
		{545F7F52-39FE-40BD-B2F5-358008102535}.Debug|x64.ActiveCfg = Debug|x64
		{545F7F52-39FE-40BD-B2F5-358008102535}.Debug|x64.Build.0 = Debug|x64
		{545F7F52-39FE-40BD-B2F5-358008102535}.Debug|x86.ActiveCfg = Debug|Win32
		{545F7F52-39FE-40BD-B2F5-358008102535}.Debug|x86.Build.0 = Debug|Win32
		{545F7F52-39FE-40BD-B2F5-358008102535}.Release|x64.ActiveCfg = Release|x64
		{545F7F52-39FE-40BD-B2F5-358008102535}.Release|x64.Build.0 = Release|x64
		{545F7F52-39FE-40BD-B2F5-358008102535}.Release|x86.ActiveCfg = Release|Win32
		{545F7F52-39FE-40BD-B2F5-358008102535}.Release|x86.Build.0 = Release|Win32
		{FF5F8D38-4E09-4783-8E40-2B16C2EF075A}.Debug|x64.ActiveCfg = Debug|x64
		{FF5F8D38-4E09-4783-8E40-2B16C2EF075A}.Debug|x64.Build.0 = Debug|x64
		{FF5F8D38-4E09-4783-8E40-2B16C2EF075A}.Debug|x86.ActiveCfg = Debug|Win32
		{FF5F8D38-4E09-4783-8E40-2B16C2EF075A}.Debug|x86.Build.0 = Debug|Win32
		{FF5F8D38-4E09-4783-8E40-2B16C2EF075A}.Release|x64.ActiveCfg = Release|x64
		{FF5F8D38-4E09-4783-8E40-2B16C2EF075A}.Release|x64.Build.0 = Release|x64
		{FF5F8D38-4E09-4783-8E40-2B16C2EF075A}.Release|x86.ActiveCfg = Release|Win32
		{FF5F8D38-4E09-4783-8E40-2B16C2EF075A}.Release|x86.Build.0 = Release|Win32
		{2E8476BB-A4FD-4A64-B959-8664A4A4F5A5}.Debug|x64.ActiveCfg = Debug|x64
		{2E8476BB-A4FD-4A64-B959-8664A4A4F5A5}.Debug|x64.Build.0 = Debug|x64
		{2E8476BB-A4FD-4A64-B959-8664A4A4F5A5}.Debug|x86.ActiveCfg = Debug|Win32
		{2E8476BB-A4FD-4A64-B959-8664A4A4F5A5}.Debug|x86.Build.0 = Debug|Win32
		{2E8476BB-A4FD-4A64-B959-8664A4A4F5A5}.Release|x64.ActiveCfg = Release|x64
		{2E8476BB-A4FD-4A64-B959-8664A4A4F5A5}.Release|x64.Build.0 = Release|x64
		{2E8476BB-A4FD-4A64-B959-8664A4A4F5A5}.Release|x86.ActiveCfg = Release|Win32
		{2E8476BB-A4FD-4A64-B959-8664A4A4F5A5}.Release|x86.Build.0 = Release|Win32
		{7FA43B87-A0E0-4DA8-887E-0BF0F37E64DE}.Debug|x64.ActiveCfg = Debug|x64
		{7FA43B87-A0E0-4DA8-887E-0BF0F37E64DE}.Debug|x64.Build.0 = Debug|x64
		{7FA43B87-A0E0-4DA8-887E-0BF0F37E64DE}.Debug|x86.ActiveCfg = Debug|Win32
		{7FA43B87-A0E0-4DA8-887E-0BF0F37E64DE}.Debug|x86.Build.0 = Debug|Win32
		{7FA43B87-A0E0-4DA8-887E-0BF0F37E64DE}.Release|x64.ActiveCfg = Release|x64
		{7FA43B87-A0E0-4DA8-887E-0BF0F37E64DE}.Release|x64.Build.0 = Release|x64
		{7FA43B87-A0E0-4DA8-887E-0BF0F37E64DE}.Release|x86.ActiveCfg = Release|Win32
		{7FA43B87-A0E0-4DA8-887E-0BF0F37E64DE}.Release|x86.Build.0 = Release|Win32
		{F77194C7-41F8-409B-A9DC-052FF4E07FF2}.Debug|x64.ActiveCfg = Debug|x64
		{F77194C7-41F8-409B-A9DC-052FF4E07FF2}.Debug|x64.Build.0 = Debug|x64
		{F77194C7-41F8-409B-A9DC-052FF4E07FF2}.Debug|x86.ActiveCfg = Debug|Win32
		{F77194C7-41F8-409B-A9DC-052FF4E07FF2}.Debug|x86.Build.0 = Debug|Win32
		{F77194C7-41F8-409B-A9DC-052FF4E07FF2}.Release|x64.ActiveCfg = Release|x64
		{F77194C7-41F8-409B-A9DC-052FF4E07FF2}.Release|x64.Build.0 = Release|x64
		{F77194C7-41F8-409B-A9DC-052FF4E07FF2}.Release|x86.ActiveCfg = Release|Win32
		{F77194C7-41F8-409B-A9DC-052FF4E07FF2}.Release|x86.Build.0 = Release|Win32
		{223229CA-3981-4948-84C2-399867EA6F14}.Debug|x64.ActiveCfg = Debug|x64
		{223229CA-3981-4948-84C2-399867EA6F14}.Debug|x64.Build.0 = Debug|x64
		{223229CA-3981-4948-84C2-399867EA6F14}.Debug|x86.ActiveCfg = Debug|Win32
		{223229CA-3981-4948-84C2-399867EA6F14}.Debug|x86.Build.0 = Debug|Win32
		{223229CA-3981-4948-84C2-399867EA6F14}.Release|x64.ActiveCfg = Release|x64
		{223229CA-3981-4948-84C2-399867EA6F14}.Release|x64.Build.0 = Release|x64
		{223229CA-3981-4948-84C2-399867EA6F14}.Release|x86.ActiveCfg = Release|Win32
		{223229CA-3981-4948-84C2-399867EA6F14}.Release|x86.Build.0 = Release|Win32
		{CA5B6C0C-6EB6-418A-89FA-0B8295EFBBE6}.Debug|x64.ActiveCfg = Debug|x64
		{CA5B6C0C-6EB6-418A-89FA-0B8295EFBBE6}.Debug|x64.Build.0 = Debug|x64
		{CA5B6C0C-6EB6-418A-89FA-0B8295EFBBE6}.Debug|x86.ActiveCfg = Debug|Win32
		{CA5B6C0C-6EB6-418A-89FA-0B8295EFBBE6}.Debug|x86.Build.0 = Debug|Win32
		{CA5B6C0C-6EB6-418A-89FA-0B8295EFBBE6}.Release|x64.ActiveCfg = Release|x64
		{CA5B6C0C-6EB6-418A-89FA-0B8295EFBBE6}.Release|x64.Build.0 = Release|x64
		{CA5B6C0C-6EB6-418A-89FA-0B8295EFBBE6}.Release|x86.ActiveCfg = Release|Win32
		{CA5B6C0C-6EB6-418A-89FA-0B8295EFBBE6}.Release|x86.Build.0 = Release|Win32
		{9A952EA0-6009-4953-AB1F-7FF13EE9C529}.Debug|x64.ActiveCfg = Debug|x64
		{9A952EA0-6009-4953-AB1F-7FF13EE9C529}.Debug|x64.Build.0 = Debug|x64
		{9A952EA0-6009-4953-AB1F-7FF13EE9C529}.Debug|x86.ActiveCfg = Debug|Win32
		{9A952EA0-6009-4953-AB1F-7FF13EE9C529}.Debug|x86.Build.0 = Debug|Win32
		{9A952EA0-6009-4953-AB1F-7FF13EE9C529}.Release|x64.ActiveCfg = Release|x64
		{9A952EA0-6009-4953-AB1F-7FF13EE9C529}.Release|x64.Build.0 = Release|x64
		{9A952EA0-6009-4953-AB1F-7FF13EE9C529}.Release|x86.ActiveCfg = Release|Win32
		{9A952EA0-6009-4953-AB1F-7FF13EE9C529}.Release|x86.Build.0 = Release|Win32
		{B1C3288E-E0E8-4FB5-93EE-F87D3387E0F8}.Debug|x64.ActiveCfg = Debug|x64
		{B1C3288E-E0E8-4FB5-93EE-F87D3387E0F8}.Debug|x64.Build.0 = Debug|x64
		{B1C3288E-E0E8-4FB5-93EE-F87D3387E0F8}.Debug|x86.ActiveCfg = Debug|Win32
		{B1C3288E-E0E8-4FB5-93EE-F87D3387E0F8}.Debug|x86.Build.0 = Debug|Win32
		{B1C3288E-E0E8-4FB5-93EE-F87D3387E0F8}.Release|x64.ActiveCfg = Release|x64
		{B1C3288E-E0E8-4FB5-93EE-F87D3387E0F8}.Release|x64.Build.0 = Release|x64
		{B1C3288E-E0E8-4FB5-93EE-F87D3387E0F8}.Release|x86.ActiveCfg = Release|Win32
		{B1C3288E-E0E8-4FB5-93EE-F87D3387E0F8}.Release|x86.Build.0 = Release|Win32
		{FC5ECD15-68F0-47E1-BF36-AF606703F8D3}.Debug|x64.ActiveCfg = Debug|x64
		{FC5ECD15-68F0-47E1-BF36-AF606703F8D3}.Debug|x64.Build.0 = Debug|x64
		{FC5ECD15-68F0-47E1-BF36-AF606703F8D3}.Debug|x86.ActiveCfg = Debug|Win32
		{FC5ECD15-68F0-47E1-BF36-AF606703F8D3}.Debug|x86.Build.0 = Debug|Win32
		{FC5ECD15-68F0-47E1-BF36-AF606703F8D3}.Release|x64.ActiveCfg = Release|x64
		{FC5ECD15-68F0-47E1-BF36-AF606703F8D3}.Release|x64.Build.0 = Release|x64
		{FC5ECD15-68F0-47E1-BF36-AF606703F8D3}.Release|x86.ActiveCfg = Release|Win32
		{FC5ECD15-68F0-47E1-BF36-AF606703F8D3}.Release|x86.Build.0 = Release|Win32
		{2B683A9E-272A-4334-AFAC-617C5B7ACFBB}.Debug|x64.ActiveCfg = Debug|x64
		{2B683A9E-272A-4334-AFAC-617C5B7ACFBB}.Debug|x64.Build.0 = Debug|x64
		{2B683A9E-272A-4334-AFAC-617C5B7ACFBB}.Debug|x86.ActiveCfg = Debug|Win32
		{2B683A9E-272A-4334-AFAC-617C5B7ACFBB}.Debug|x86.Build.0 = Debug|Win32
		{2B683A9E-272A-4334-AFAC-617C5B7ACFBB}.Release|x64.ActiveCfg = Release|x64
		{2B683A9E-272A-4334-AFAC-617C5B7ACFBB}.Release|x64.Build.0 = Release|x64
		{2B683A9E-272A-4334-AFAC-617C5B7ACFBB}.Release|x86.ActiveCfg = Release|Win32
		{2B683A9E-272A-4334-AFAC-617C5B7ACFBB}.Release|x86.Build.0 = Release|Win32
		{B6BB6331-2644-46BA-BA88-4BD482668D2F}.Debug|x64.ActiveCfg = Debug|x64
		{B6BB6331-2644-46BA-BA88-4BD482668D2F}.Debug|x64.Build.0 = Debug|x64
		{B6BB6331-2644-46BA-BA88-4BD482668D2F}.Debug|x86.ActiveCfg = Debug|Win32
		{B6BB6331-2644-46BA-BA88-4BD482668D2F}.Debug|x86.Build.0 = Debug|Win32
		{B6BB6331-2644-46BA-BA88-4BD482668D2F}.Release|x64.ActiveCfg = Release|x64
		{B6BB6331-2644-46BA-BA88-4BD482668D2F}.Release|x64.Build.0 = Release|x64
		{B6BB6331-2644-46BA-BA88-4BD482668D2F}.Release|x86.ActiveCfg = Release|Win32
		{B6BB6331-2644-46BA-BA88-4BD482668D2F}.Release|x86.Build.0 = Release|Win32
	EndGlobalSection
	GlobalSection(SolutionProperties) = preSolution
		HideSolutionNode = FALSE
	EndGlobalSection
	GlobalSection(NestedProjects) = preSolution
		{B1AA9273-FFF2-4D56-9784-EDD90381F9E0} = {49FF0E5A-5C6B-479A-AC5C-A74B77BBDC07}
		{2792926D-03FC-41B3-80C9-4D7EDE4FC971} = {B1AA9273-FFF2-4D56-9784-EDD90381F9E0}
		{545F7F52-39FE-40BD-B2F5-358008102535} = {B1AA9273-FFF2-4D56-9784-EDD90381F9E0}
		{FF5F8D38-4E09-4783-8E40-2B16C2EF075A} = {B1AA9273-FFF2-4D56-9784-EDD90381F9E0}
		{2E8476BB-A4FD-4A64-B959-8664A4A4F5A5} = {B1AA9273-FFF2-4D56-9784-EDD90381F9E0}
		{AB74D876-48DE-4C10-BC7A-785D7E3C229E} = {8531673C-790B-4ADC-B792-98C17C7B8721}
		{7FA43B87-A0E0-4DA8-887E-0BF0F37E64DE} = {AB74D876-48DE-4C10-BC7A-785D7E3C229E}
		{F77194C7-41F8-409B-A9DC-052FF4E07FF2} = {AB74D876-48DE-4C10-BC7A-785D7E3C229E}
		{26AB4EB1-39B2-4C6D-9EB1-D90B156C7DFB} = {49FF0E5A-5C6B-479A-AC5C-A74B77BBDC07}
		{223229CA-3981-4948-84C2-399867EA6F14} = {26AB4EB1-39B2-4C6D-9EB1-D90B156C7DFB}
		{CA5B6C0C-6EB6-418A-89FA-0B8295EFBBE6} = {26AB4EB1-39B2-4C6D-9EB1-D90B156C7DFB}
		{9A952EA0-6009-4953-AB1F-7FF13EE9C529} = {26AB4EB1-39B2-4C6D-9EB1-D90B156C7DFB}
		{B1C3288E-E0E8-4FB5-93EE-F87D3387E0F8} = {AB74D876-48DE-4C10-BC7A-785D7E3C229E}
		{FC5ECD15-68F0-47E1-BF36-AF606703F8D3} = {AB74D876-48DE-4C10-BC7A-785D7E3C229E}
		{2B683A9E-272A-4334-AFAC-617C5B7ACFBB} = {94D9CFEE-DCC1-4739-8047-EDC0F7E3AF30}
		{94D9CFEE-DCC1-4739-8047-EDC0F7E3AF30} = {49FF0E5A-5C6B-479A-AC5C-A74B77BBDC07}
		{B6BB6331-2644-46BA-BA88-4BD482668D2F} = {8AEA1345-FE8D-4B82-A692-75D8EAE70357}
		{8AEA1345-FE8D-4B82-A692-75D8EAE70357} = {8531673C-790B-4ADC-B792-98C17C7B8721}
	EndGlobalSection
	GlobalSection(ExtensibilityGlobals) = postSolution
		SolutionGuid = {31EB08D4-A65F-42B0-A45C-8DEDED4C8D8F}
	EndGlobalSection
EndGlobal
